
Microsoft Visual Studio Solution File, Format Version 12.00
# Visual Studio Version 17
VisualStudioVersion = 17.10.35027.167
MinimumVisualStudioVersion = 10.0.40219.1
Project("{FAE04EC0-301F-11D3-BF4B-00C04F79EFBC}") = "04-NavigationWithTabbedPage", "04-NavigationWithTabbedPage\04-NavigationWithTabbedPage.csproj", "{BF623333-5640-4402-A4CC-96BC3A0396EC}"
EndProject
Global
	GlobalSection(SolutionConfigurationPlatforms) = preSolution
		Debug|Any CPU = Debug|Any CPU
		Release|Any CPU = Release|Any CPU
	EndGlobalSection
	GlobalSection(ProjectConfigurationPlatforms) = postSolution
		{BF623333-5640-4402-A4CC-96BC3A0396EC}.Debug|Any CPU.ActiveCfg = Debug|Any CPU
		{BF623333-5640-4402-A4CC-96BC3A0396EC}.Debug|Any CPU.Build.0 = Debug|Any CPU
		{BF623333-5640-4402-A4CC-96BC3A0396EC}.Debug|Any CPU.Deploy.0 = Debug|Any CPU
		{BF623333-5640-4402-A4CC-96BC3A0396EC}.Release|Any CPU.ActiveCfg = Release|Any CPU
		{BF623333-5640-4402-A4CC-96BC3A0396EC}.Release|Any CPU.Build.0 = Release|Any CPU
		{BF623333-5640-4402-A4CC-96BC3A0396EC}.Release|Any CPU.Deploy.0 = Release|Any CPU
	EndGlobalSection
	GlobalSection(SolutionProperties) = preSolution
		HideSolutionNode = FALSE
	EndGlobalSection
	GlobalSection(ExtensibilityGlobals) = postSolution
		SolutionGuid = {A7F8DE3F-7A53-4984-80AE-C37E35F0DCF3}
	EndGlobalSection
EndGlobal
